
Microsoft Visual Studio Solution File, Format Version 12.00
# Visual Studio Version 16
VisualStudioVersion = 16.0.31005.135
MinimumVisualStudioVersion = 10.0.40219.1
Project("{FAE04EC0-301F-11D3-BF4B-00C04F79EFBC}") = "MultiplicationTable", "MultiplicationTable\MultiplicationTable.csproj", "{30063091-16E5-4E6E-9F0B-DB29720F53BF}"
EndProject
Global
	GlobalSection(SolutionConfigurationPlatforms) = preSolution
		Debug|Any CPU = Debug|Any CPU
		Release|Any CPU = Release|Any CPU
	EndGlobalSection
	GlobalSection(ProjectConfigurationPlatforms) = postSolution
		{30063091-16E5-4E6E-9F0B-DB29720F53BF}.Debug|Any CPU.ActiveCfg = Debug|Any CPU
		{30063091-16E5-4E6E-9F0B-DB29720F53BF}.Debug|Any CPU.Build.0 = Debug|Any CPU
		{30063091-16E5-4E6E-9F0B-DB29720F53BF}.Release|Any CPU.ActiveCfg = Release|Any CPU
		{30063091-16E5-4E6E-9F0B-DB29720F53BF}.Release|Any CPU.Build.0 = Release|Any CPU
	EndGlobalSection
	GlobalSection(SolutionProperties) = preSolution
		HideSolutionNode = FALSE
	EndGlobalSection
	GlobalSection(ExtensibilityGlobals) = postSolution
		SolutionGuid = {498BDE2F-23A8-422E-90E5-BE1B9593BF90}
	EndGlobalSection
EndGlobal
